
Microsoft Visual Studio Solution File, Format Version 12.00
# Visual Studio Version 17
VisualStudioVersion = 17.2.32519.379
MinimumVisualStudioVersion = 10.0.40219.1
Project("{FAE04EC0-301F-11D3-BF4B-00C04F79EFBC}") = "JSONProject", "JSONProject\JSONProject.csproj", "{D8FB2D68-EF62-4F29-BFCD-D7FB11D32C8D}"
EndProject
Global
	GlobalSection(SolutionConfigurationPlatforms) = preSolution
		Debug|Any CPU = Debug|Any CPU
		Release|Any CPU = Release|Any CPU
	EndGlobalSection
	GlobalSection(ProjectConfigurationPlatforms) = postSolution
		{D8FB2D68-EF62-4F29-BFCD-D7FB11D32C8D}.Debug|Any CPU.ActiveCfg = Debug|Any CPU
		{D8FB2D68-EF62-4F29-BFCD-D7FB11D32C8D}.Debug|Any CPU.Build.0 = Debug|Any CPU
		{D8FB2D68-EF62-4F29-BFCD-D7FB11D32C8D}.Release|Any CPU.ActiveCfg = Release|Any CPU
		{D8FB2D68-EF62-4F29-BFCD-D7FB11D32C8D}.Release|Any CPU.Build.0 = Release|Any CPU
	EndGlobalSection
	GlobalSection(SolutionProperties) = preSolution
		HideSolutionNode = FALSE
	EndGlobalSection
	GlobalSection(ExtensibilityGlobals) = postSolution
		SolutionGuid = {3FD1097D-F016-4086-B87D-429F3D40F397}
	EndGlobalSection
EndGlobal
